
Microsoft Visual Studio Solution File, Format Version 12.00
# Visual Studio Version 16
VisualStudioVersion = 16.0.29509.3
MinimumVisualStudioVersion = 10.0.40219.1
Project("{8BC9CEB8-8B4A-11D0-8D11-00A0C91BC942}") = "parallel_project", "parallel_project\parallel_project.vcxproj", "{28434C60-8A29-4C4A-BF70-00A396799C5D}"
EndProject
Global
	GlobalSection(SolutionConfigurationPlatforms) = preSolution
		Debug|x64 = Debug|x64
		Debug|x86 = Debug|x86
		Release|x64 = Release|x64
		Release|x86 = Release|x86
	EndGlobalSection
	GlobalSection(ProjectConfigurationPlatforms) = postSolution
		{28434C60-8A29-4C4A-BF70-00A396799C5D}.Debug|x64.ActiveCfg = Debug|x64
		{28434C60-8A29-4C4A-BF70-00A396799C5D}.Debug|x64.Build.0 = Debug|x64
		{28434C60-8A29-4C4A-BF70-00A396799C5D}.Debug|x86.ActiveCfg = Debug|Win32
		{28434C60-8A29-4C4A-BF70-00A396799C5D}.Debug|x86.Build.0 = Debug|Win32
		{28434C60-8A29-4C4A-BF70-00A396799C5D}.Release|x64.ActiveCfg = Release|x64
		{28434C60-8A29-4C4A-BF70-00A396799C5D}.Release|x64.Build.0 = Release|x64
		{28434C60-8A29-4C4A-BF70-00A396799C5D}.Release|x86.ActiveCfg = Release|Win32
		{28434C60-8A29-4C4A-BF70-00A396799C5D}.Release|x86.Build.0 = Release|Win32
	EndGlobalSection
	GlobalSection(SolutionProperties) = preSolution
		HideSolutionNode = FALSE
	EndGlobalSection
	GlobalSection(ExtensibilityGlobals) = postSolution
		SolutionGuid = {3DCF17F0-F60C-44A7-9DA2-BC3C966C2264}
	EndGlobalSection
EndGlobal
